<?xml version="1.0" encoding="utf-8"?>
<Project ToolsVersion="4.0" xmlns="http://schemas.microsoft.com/developer/msbuild/2003">
  <ItemGroup>
    <Filter Include="source">
      <UniqueIdentifier>{4FC737F1-C7A5-4376-A066-2A32D752A2FF}</UniqueIdentifier>
      <Extensions>cpp;c;cc;cxx;c++;cppm;ixx;def;odl;idl;hpj;bat;asm;asmx</Extensions>
    </Filter>
    <Filter Include="source\cheat">
      <UniqueIdentifier>{374dafc8-23e0-4948-a2d1-d659ac6e2d25}</UniqueIdentifier>
    </Filter>
    <Filter Include="third_party">
      <UniqueIdentifier>{67db3402-de5a-452f-9400-e8d25aa3801c}</UniqueIdentifier>
    </Filter>
    <Filter Include="third_party\sdk">
      <UniqueIdentifier>{a43ed511-511c-4abb-969c-314239eee5ee}</UniqueIdentifier>
    </Filter>
    <Filter Include="source\global">
      <UniqueIdentifier>{0dd8e6bb-c6d1-4e7b-b082-581148b2620a}</UniqueIdentifier>
    </Filter>
    <Filter Include="source\cheat\menu">
      <UniqueIdentifier>{755be23d-a12b-469a-9950-f5930745869b}</UniqueIdentifier>
    </Filter>
    <Filter Include="source\cheat\visual">
      <UniqueIdentifier>{a41d6fc2-b08f-4907-820d-2a7494a68681}</UniqueIdentifier>
    </Filter>
    <Filter Include="source\library">
      <UniqueIdentifier>{940499ff-77a3-47ff-90d9-697e680de931}</UniqueIdentifier>
    </Filter>
    <Filter Include="source\library\render">
      <UniqueIdentifier>{8c7fd1e4-02e5-4044-92b6-29cc5ca5694a}</UniqueIdentifier>
    </Filter>
    <Filter Include="source\library\gui">
      <UniqueIdentifier>{d96ac0a3-57cb-4673-aa56-76ba4269d9f8}</UniqueIdentifier>
    </Filter>
    <Filter Include="source\cheat\cheat">
      <UniqueIdentifier>{333e5e43-d337-4866-b9f2-9feea5511380}</UniqueIdentifier>
    </Filter>
    <Filter Include="resource">
      <UniqueIdentifier>{6ca407eb-b3f4-430c-813f-58adc6a4cb70}</UniqueIdentifier>
    </Filter>
    <Filter Include="source\library\kismet">
      <UniqueIdentifier>{9212a05d-8536-4f6f-8b90-faecabdd2ea2}</UniqueIdentifier>
    </Filter>
    <Filter Include="source\cheat\color">
      <UniqueIdentifier>{aaa55bd8-cb94-41ba-aea0-32d1413af062}</UniqueIdentifier>
    </Filter>
    <Filter Include="source\cheat\network">
      <UniqueIdentifier>{11ba8fb1-b594-4979-ad5a-02e1827d7ea2}</UniqueIdentifier>
    </Filter>
    <Filter Include="source\cheat\aim">
      <UniqueIdentifier>{43b9e950-7ecf-4504-8df8-820c4911da95}</UniqueIdentifier>
    </Filter>
    <Filter Include="source\cheat\player">
      <UniqueIdentifier>{c98474ef-0749-4db7-981a-40b5eab07440}</UniqueIdentifier>
    </Filter>
    <Filter Include="source\cheat\level">
      <UniqueIdentifier>{e9c0e1ba-6114-41d6-a293-658c13c68cf8}</UniqueIdentifier>
    </Filter>
    <Filter Include="third_party\minhook">
      <UniqueIdentifier>{5e57c994-8001-43a2-8e8b-b283aabd2864}</UniqueIdentifier>
    </Filter>
  </ItemGroup>
  <ItemGroup>
    <ClInclude Include="_sdk.h">
      <Filter>third_party</Filter>
    </ClInclude>
    <ClInclude Include="gvalue.h">
      <Filter>source\global</Filter>
    </ClInclude>
    <ClInclude Include="gconst.h">
      <Filter>source\global</Filter>
    </ClInclude>
    <ClInclude Include="menu.h">
      <Filter>source\cheat\menu</Filter>
    </ClInclude>
    <ClInclude Include="visual.h">
      <Filter>source\cheat\visual</Filter>
    </ClInclude>
    <ClInclude Include="render.h">
      <Filter>source\library\render</Filter>
    </ClInclude>
    <ClInclude Include="gui.h">
      <Filter>source\library\gui</Filter>
    </ClInclude>
    <ClInclude Include="cheat.h">
      <Filter>source\cheat\cheat</Filter>
    </ClInclude>
    <ClInclude Include="gdefine.h">
      <Filter>source\global</Filter>
    </ClInclude>
    <ClInclude Include="resource.h">
      <Filter>resource</Filter>
    </ClInclude>
    <ClInclude Include="kismet.h">
      <Filter>source\library\kismet</Filter>
    </ClInclude>
    <ClInclude Include="color.h">
      <Filter>source\cheat\color</Filter>
    </ClInclude>
    <ClInclude Include="network.h">
      <Filter>source\cheat\network</Filter>
    </ClInclude>
    <ClInclude Include="aim.h">
      <Filter>source\cheat\aim</Filter>
    </ClInclude>
    <ClInclude Include="player.h">
      <Filter>source\cheat\player</Filter>
    </ClInclude>
    <ClInclude Include="level.h">
      <Filter>source\cheat\level</Filter>
    </ClInclude>
    <ClInclude Include="minhook\include\MinHook.h">
      <Filter>third_party\minhook</Filter>
    </ClInclude>
    <ClInclude Include="minhook\src\buffer.h">
      <Filter>third_party\minhook</Filter>
    </ClInclude>
    <ClInclude Include="minhook\src\hde\hde32.h">
      <Filter>third_party\minhook</Filter>
    </ClInclude>
    <ClInclude Include="minhook\src\hde\hde64.h">
      <Filter>third_party\minhook</Filter>
    </ClInclude>
    <ClInclude Include="minhook\src\hde\pstdint.h">
      <Filter>third_party\minhook</Filter>
    </ClInclude>
    <ClInclude Include="minhook\src\hde\table32.h">
      <Filter>third_party\minhook</Filter>
    </ClInclude>
    <ClInclude Include="minhook\src\hde\table64.h">
      <Filter>third_party\minhook</Filter>
    </ClInclude>
    <ClInclude Include="minhook\src\trampoline.h">
      <Filter>third_party\minhook</Filter>
    </ClInclude>
    <ClInclude Include="_hook.h">
      <Filter>third_party</Filter>
    </ClInclude>
  </ItemGroup>
  <ItemGroup>
    <ClCompile Include="sdk\SDK\Basic.cpp">
      <Filter>third_party\sdk</Filter>
    </ClCompile>
    <ClCompile Include="sdk\SDK\Engine_functions.cpp">
      <Filter>third_party\sdk</Filter>
    </ClCompile>
    <ClCompile Include="sdk\SDK\CoreUObject_functions.cpp">
      <Filter>third_party\sdk</Filter>
    </ClCompile>
    <ClCompile Include="dll_main.cpp">
      <Filter>source</Filter>
    </ClCompile>
    <ClCompile Include="menu.cpp">
      <Filter>source\cheat\menu</Filter>
    </ClCompile>
    <ClCompile Include="visual.cpp">
      <Filter>source\cheat\visual</Filter>
    </ClCompile>
    <ClCompile Include="render.cpp">
      <Filter>source\library\render</Filter>
    </ClCompile>
    <ClCompile Include="gui.cpp">
      <Filter>source\library\gui</Filter>
    </ClCompile>
    <ClCompile Include="cheat.cpp">
      <Filter>source\cheat\cheat</Filter>
    </ClCompile>
    <ClCompile Include="kismet.cpp">
      <Filter>source\library\kismet</Filter>
    </ClCompile>
    <ClCompile Include="color.cpp">
      <Filter>source\cheat\color</Filter>
    </ClCompile>
    <ClCompile Include="network.cpp">
      <Filter>source\cheat\network</Filter>
    </ClCompile>
    <ClCompile Include="aim.cpp">
      <Filter>source\cheat\aim</Filter>
    </ClCompile>
    <ClCompile Include="player.cpp">
      <Filter>source\cheat\player</Filter>
    </ClCompile>
    <ClCompile Include="level.cpp">
      <Filter>source\cheat\level</Filter>
    </ClCompile>
    <ClCompile Include="sdk\SDK\ReadyOrNot_functions.cpp">
      <Filter>third_party\sdk</Filter>
    </ClCompile>
    <ClCompile Include="minhook\src\buffer.c">
      <Filter>third_party\minhook</Filter>
    </ClCompile>
    <ClCompile Include="minhook\src\hde\hde32.c">
      <Filter>third_party\minhook</Filter>
    </ClCompile>
    <ClCompile Include="minhook\src\hde\hde64.c">
      <Filter>third_party\minhook</Filter>
    </ClCompile>
    <ClCompile Include="minhook\src\hook.c">
      <Filter>third_party\minhook</Filter>
    </ClCompile>
    <ClCompile Include="minhook\src\trampoline.c">
      <Filter>third_party\minhook</Filter>
    </ClCompile>
  </ItemGroup>
  <ItemGroup>
    <ResourceCompile Include="cheat.rc">
      <Filter>resource</Filter>
    </ResourceCompile>
  </ItemGroup>
</Project>